
Microsoft Visual Studio Solution File, Format Version 12.00
# Visual Studio Version 17
VisualStudioVersion = 17.5.33414.496
MinimumVisualStudioVersion = 10.0.40219.1
Project("{FAE04EC0-301F-11D3-BF4B-00C04F79EFBC}") = "PresentationLayer", "PresentationLayer\PresentationLayer.csproj", "{0D56860A-AF62-45D3-BFEF-34DB92F55D3C}"
EndProject
Project("{FAE04EC0-301F-11D3-BF4B-00C04F79EFBC}") = "BusinessLayer", "BusinessLayer\BusinessLayer.csproj", "{61332DD4-6749-4B60-9252-5B7B53988EAF}"
EndProject
Project("{FAE04EC0-301F-11D3-BF4B-00C04F79EFBC}") = "DataLayer", "DataLayer\DataLayer.csproj", "{F8670175-92D1-4512-B28F-0D4D96252659}"
EndProject
Project("{FAE04EC0-301F-11D3-BF4B-00C04F79EFBC}") = "TransferObject", "TransferObject\TransferObject.csproj", "{3DF4945A-ADEC-43AF-9AA7-E852CA1CCC30}"
EndProject
Global
	GlobalSection(SolutionConfigurationPlatforms) = preSolution
		Debug|Any CPU = Debug|Any CPU
		Release|Any CPU = Release|Any CPU
	EndGlobalSection
	GlobalSection(ProjectConfigurationPlatforms) = postSolution
		{0D56860A-AF62-45D3-BFEF-34DB92F55D3C}.Debug|Any CPU.ActiveCfg = Debug|Any CPU
		{0D56860A-AF62-45D3-BFEF-34DB92F55D3C}.Debug|Any CPU.Build.0 = Debug|Any CPU
		{0D56860A-AF62-45D3-BFEF-34DB92F55D3C}.Release|Any CPU.ActiveCfg = Release|Any CPU
		{0D56860A-AF62-45D3-BFEF-34DB92F55D3C}.Release|Any CPU.Build.0 = Release|Any CPU
		{61332DD4-6749-4B60-9252-5B7B53988EAF}.Debug|Any CPU.ActiveCfg = Debug|Any CPU
		{61332DD4-6749-4B60-9252-5B7B53988EAF}.Debug|Any CPU.Build.0 = Debug|Any CPU
		{61332DD4-6749-4B60-9252-5B7B53988EAF}.Release|Any CPU.ActiveCfg = Release|Any CPU
		{61332DD4-6749-4B60-9252-5B7B53988EAF}.Release|Any CPU.Build.0 = Release|Any CPU
		{F8670175-92D1-4512-B28F-0D4D96252659}.Debug|Any CPU.ActiveCfg = Debug|Any CPU
		{F8670175-92D1-4512-B28F-0D4D96252659}.Debug|Any CPU.Build.0 = Debug|Any CPU
		{F8670175-92D1-4512-B28F-0D4D96252659}.Release|Any CPU.ActiveCfg = Release|Any CPU
		{F8670175-92D1-4512-B28F-0D4D96252659}.Release|Any CPU.Build.0 = Release|Any CPU
		{3DF4945A-ADEC-43AF-9AA7-E852CA1CCC30}.Debug|Any CPU.ActiveCfg = Debug|Any CPU
		{3DF4945A-ADEC-43AF-9AA7-E852CA1CCC30}.Debug|Any CPU.Build.0 = Debug|Any CPU
		{3DF4945A-ADEC-43AF-9AA7-E852CA1CCC30}.Release|Any CPU.ActiveCfg = Release|Any CPU
		{3DF4945A-ADEC-43AF-9AA7-E852CA1CCC30}.Release|Any CPU.Build.0 = Release|Any CPU
	EndGlobalSection
	GlobalSection(SolutionProperties) = preSolution
		HideSolutionNode = FALSE
	EndGlobalSection
	GlobalSection(ExtensibilityGlobals) = postSolution
		SolutionGuid = {AC9DEB7B-20DA-4442-BE79-D0C82293E33F}
	EndGlobalSection
EndGlobal
